%{
  "aggregate_repo": {:hex, :aggregate_repo, "1.0.0", "30240e29ac0898bad90a0dae80b6e225ef271f10cb0743bb58d90fc743b3c65e", [:mix], [{:ex_stream, "~> 1.19", [hex: :ex_stream, repo: "hexpm:cuatro", optional: false]}], "hexpm:cuatro", "c3ffdc048a03aaa0419b94406613245482917d5011eb2f6f3311702cdfeb902e"},
  "atomic": {:hex, :atomic, "1.0.0", "09ab44df02cd71bd5ce091654badeed6b0f8e8372883a2b1fbca1ee9994d178c", [:mix], [], "hexpm:cuatro", "ce92a107c7cb7bb0e81157b84a6681f0d3194f7dc8d52c0f74fb9ba6c4409e6d"},
  "connection": {:hex, :connection, "1.0.4", "a1cae72211f0eef17705aaededacac3eb30e6625b04a6117c1b2db6ace7d5976", [:mix], [], "hexpm", "4a0850c9be22a43af9920a71ab17c051f5f7d45c209e40269a1938832510e4d9"},
  "db_connection": {:hex, :db_connection, "2.2.1", "caee17725495f5129cb7faebde001dc4406796f12a62b8949f4ac69315080566", [:mix], [{:connection, "~> 1.0.2", [hex: :connection, repo: "hexpm", optional: false]}], "hexpm", "2b02ece62d9f983fcd40954e443b7d9e6589664380e5546b2b9b523cd0fb59e1"},
  "decimal": {:hex, :decimal, "1.8.1", "a4ef3f5f3428bdbc0d35374029ffcf4ede8533536fa79896dd450168d9acdf3c", [:mix], [], "hexpm", "3cb154b00225ac687f6cbd4acc4b7960027c757a5152b369923ead9ddbca7aec"},
  "ecto": {:hex, :ecto, "3.3.2", "002aa428c752a8ee4bb65baa9d1041f0514d7435d2e21d58cb6aa69a1076721d", [:mix], [{:decimal, "~> 1.6 or ~> 2.0", [hex: :decimal, repo: "hexpm", optional: false]}, {:jason, "~> 1.0", [hex: :jason, repo: "hexpm", optional: true]}], "hexpm", "c651e3ea0919241da314f518404b84449c8569525c4d4cf0f3d16f1d5d0a560c"},
  "ecto_sql": {:hex, :ecto_sql, "3.3.3", "7d8962d39f16181c1df1bbd0f64aa392bd9ce0b9f8ff5ff21d43dca3d624eee7", [:mix], [{:db_connection, "~> 2.2", [hex: :db_connection, repo: "hexpm", optional: false]}, {:ecto, "~> 3.4 or ~> 3.3.2", [hex: :ecto, repo: "hexpm", optional: false]}, {:myxql, "~> 0.3.0", [hex: :myxql, repo: "hexpm", optional: true]}, {:postgrex, "~> 0.15.0", [hex: :postgrex, repo: "hexpm", optional: true]}, {:telemetry, "~> 0.4.0", [hex: :telemetry, repo: "hexpm", optional: false]}], "hexpm", "3d5b8e14836d930448d79ab6ac325501c3c62caed83c34791d5af77718766795"},
  "elixir_uuid": {:hex, :elixir_uuid, "1.2.1", "dce506597acb7e6b0daeaff52ff6a9043f5919a4c3315abb4143f0b00378c097", [:mix], [], "hexpm", "f7eba2ea6c3555cea09706492716b0d87397b88946e6380898c2889d68585752"},
  "ex_stream": {:hex, :ex_stream, "1.19.1", "d82885978b7f60ddfc46b769b2c04aa614906ce42c7cc13ddc04ba3882fc187f", [:mix], [{:extreme, "~> 1.0.0", [hex: :extreme, repo: "hexpm:cuatro", optional: false]}, {:poison, "~> 3.1", [hex: :poison, repo: "hexpm", optional: false]}, {:private, "~> 0.1.1", [hex: :private, repo: "hexpm", optional: false]}], "hexpm:cuatro", "c5362a77538afb15156d818374bd74e73ac9ce7d2bd95e461bba63924b375f73"},
  "exprotobuf": {:hex, :exprotobuf, "1.2.17", "3003937da617f588a8fb63ebdd7b127a18d78d6502623c272076fd54c07c4de1", [:mix], [{:gpb, "~> 4.0", [hex: :gpb, repo: "hexpm", optional: false]}], "hexpm", "e07ec1e5ae6f8c1c8521450d5f6b658c8c700b1f34c70356e91ece0766f4361a"},
  "extreme": {:hex, :extreme, "1.0.0", "cb98529653cbfc416e98e47eb392bb54738b45481e999fdc0f3090612afbf006", [:mix], [{:elixir_uuid, "~> 1.2", [hex: :elixir_uuid, repo: "hexpm", optional: false]}, {:exprotobuf, "~> 1.2.9", [hex: :exprotobuf, repo: "hexpm", optional: false]}, {:jason, "~> 1.1", [hex: :jason, repo: "hexpm", optional: true]}], "hexpm:cuatro", "919dcb49b2ca9798ae10897f56beead5d5838ed943879654db13e5215c5cc189"},
  "gpb": {:hex, :gpb, "4.11.0", "819ca9269958ee0ab13bb577b0e958440393131a31825138d3ecc0ffcce2411a", [:make, :rebar], [], "hexpm", "75fce6c05237210bee37fd9890210f34149720976433ed6329e509ae941b0381"},
  "poison": {:hex, :poison, "3.1.0", "d9eb636610e096f86f25d9a46f35a9facac35609a7591b3be3326e99a0484665", [:mix], [], "hexpm", "fec8660eb7733ee4117b85f55799fd3833eb769a6df71ccf8903e8dc5447cfce"},
  "postgrex": {:hex, :postgrex, "0.15.3", "5806baa8a19a68c4d07c7a624ccdb9b57e89cbc573f1b98099e3741214746ae4", [:mix], [{:connection, "~> 1.0", [hex: :connection, repo: "hexpm", optional: false]}, {:db_connection, "~> 2.1", [hex: :db_connection, repo: "hexpm", optional: false]}, {:decimal, "~> 1.5", [hex: :decimal, repo: "hexpm", optional: false]}, {:jason, "~> 1.0", [hex: :jason, repo: "hexpm", optional: true]}], "hexpm", "4737ce62a31747b4c63c12b20c62307e51bb4fcd730ca0c32c280991e0606c90"},
  "private": {:hex, :private, "0.1.1", "6227bd343bebd843e62d7bc4dba8fe970aeb0f567a33cf4249b93ef6319fa90f", [:mix], [], "hexpm", "f58264a3b092922b8ce190b728c707e699517fcad12c141e35ca9f2b826ba1b8"},
  "read_model_repo": {:hex, :read_model_repo, "2.1.0", "9652b63a5d0afcfc445d5f8fbeed94220ee3be32dfc282a26b58c2bd15fc4b30", [:mix], [{:private, "~> 0.1", [hex: :private, repo: "hexpm", optional: false]}, {:read_model_repo_backend, "~> 2.1", [hex: :read_model_repo_backend, repo: "hexpm:cuatro", optional: false]}, {:tomacco_gen_server, "~> 1.2", [hex: :tomacco_gen_server, repo: "hexpm:cuatro", optional: false]}], "hexpm:cuatro", "5ce945c7b82faba50e2b0af2a953b70a55c1099c92e98fb6a9f2058a01abbeec"},
  "read_model_repo_backend": {:hex, :read_model_repo_backend, "2.1.0", "7668e7efc1d0c0db4a9601df6cb86c1d3861739106080689d35cbefb7be924ed", [:mix], [], "hexpm:cuatro", "60b45cc15d9ebc0403912d6aada0ae741afa968fa380d348f1bf59c8f59ea64c"},
  "read_model_repo_ecto": {:hex, :read_model_repo_ecto, "1.3.0", "71942fb1974f5eca68cb25818fae83dc45ffb79a9a50168a886389e2b32be0b4", [:mix], [{:atomic, "~> 1.0", [hex: :atomic, repo: "hexpm:cuatro", optional: false]}, {:ecto, "~> 3.0", [hex: :ecto, repo: "hexpm", optional: false]}, {:ecto_sql, "~> 3.0", [hex: :ecto_sql, repo: "hexpm", optional: false]}, {:postgrex, ">= 0.0.0", [hex: :postgrex, repo: "hexpm", optional: false]}, {:read_model_repo_backend, "~> 2.0", [hex: :read_model_repo_backend, repo: "hexpm:cuatro", optional: false]}], "hexpm:cuatro", "889551d8fdbeae03c1f1577e4ef9ff7f05ba07a134f4ecaaabd780b831e823e4"},
  "telemetry": {:hex, :telemetry, "0.4.1", "ae2718484892448a24470e6aa341bc847c3277bfb8d4e9289f7474d752c09c7f", [:rebar3], [], "hexpm", "4738382e36a0a9a2b6e25d67c960e40e1a2c95560b9f936d8e29de8cd858480f"},
  "tomacco_gen_server": {:hex, :tomacco_gen_server, "1.3.0", "2e8b6693fffaa25c4d8fb2cd98d4f0b19b13a21df91c3336d60340462ccd9200", [:mix], [], "hexpm:cuatro", "0cc10b7e34f443d923e5ff1d57e64e746f34b29c7118d23cfa5f0774e9435c44"},
}
